// !$*UTF8*$!
{
	archiveVersion = 1;
	classes = {
	};
	objectVersion = 56;
	objects = {

/* Begin PBXBuildFile section */
		EB0AE83D2A78D99100A1BBA4 /* AppDelegate.swift in Sources */ = {isa = PBXBuildFile; fileRef = EB0AE83C2A78D99100A1BBA4 /* AppDelegate.swift */; };
		EB0AE83F2A78D99100A1BBA4 /* SceneDelegate.swift in Sources */ = {isa = PBXBuildFile; fileRef = EB0AE83E2A78D99100A1BBA4 /* SceneDelegate.swift */; };
		EB0AE8412A78D99100A1BBA4 /* MainViewController.swift in Sources */ = {isa = PBXBuildFile; fileRef = EB0AE8402A78D99100A1BBA4 /* MainViewController.swift */; };
		EB0AE8442A78D99100A1BBA4 /* Main.storyboard in Resources */ = {isa = PBXBuildFile; fileRef = EB0AE8422A78D99100A1BBA4 /* Main.storyboard */; };
		EB0AE8462A78D99200A1BBA4 /* Assets.xcassets in Resources */ = {isa = PBXBuildFile; fileRef = EB0AE8452A78D99200A1BBA4 /* Assets.xcassets */; };
		EB0AE8492A78D99200A1BBA4 /* LaunchScreen.storyboard in Resources */ = {isa = PBXBuildFile; fileRef = EB0AE8472A78D99200A1BBA4 /* LaunchScreen.storyboard */; };
		EB0AE8512A78DB8E00A1BBA4 /* ListViewController.swift in Sources */ = {isa = PBXBuildFile; fileRef = EB0AE8502A78DB8E00A1BBA4 /* ListViewController.swift */; };
		EB0AE8532A78DBA400A1BBA4 /* CompleteViewController.swift in Sources */ = {isa = PBXBuildFile; fileRef = EB0AE8522A78DBA400A1BBA4 /* CompleteViewController.swift */; };
		EB0AE8572A78FAC500A1BBA4 /* AddListPopup.swift in Sources */ = {isa = PBXBuildFile; fileRef = EB0AE8562A78FAC500A1BBA4 /* AddListPopup.swift */; };
		EB0AE8592A78FAE000A1BBA4 /* checkCompletePopup.swift in Sources */ = {isa = PBXBuildFile; fileRef = EB0AE8582A78FAE000A1BBA4 /* checkCompletePopup.swift */; };
		EB0AE85B2A7B7AA500A1BBA4 /* CompleteTableViewCell.swift in Sources */ = {isa = PBXBuildFile; fileRef = EB0AE85A2A7B7AA500A1BBA4 /* CompleteTableViewCell.swift */; };
		EB0AE85D2A81137300A1BBA4 /* ListTableViewCell.swift in Sources */ = {isa = PBXBuildFile; fileRef = EB0AE85C2A81137300A1BBA4 /* ListTableViewCell.swift */; };
		EB0AE8602A820CFE00A1BBA4 /* DataTodo.swift in Sources */ = {isa = PBXBuildFile; fileRef = EB0AE85F2A820CFE00A1BBA4 /* DataTodo.swift */; };
		EB4A799D2A98742900C0CE3E /* Readme.md in Resources */ = {isa = PBXBuildFile; fileRef = EB4A799C2A98742900C0CE3E /* Readme.md */; };
		EB4A799F2A987E1500C0CE3E /* DataManager.swift in Sources */ = {isa = PBXBuildFile; fileRef = EB4A799E2A987E1500C0CE3E /* DataManager.swift */; };
		EB4A79A42A98B98700C0CE3E /* HomeView.swift in Sources */ = {isa = PBXBuildFile; fileRef = EB4A79A32A98B98700C0CE3E /* HomeView.swift */; };
		EBBFB6372A9C3AF700FB5522 /* DatePickerPopupView.swift in Sources */ = {isa = PBXBuildFile; fileRef = EBBFB6362A9C3AF700FB5522 /* DatePickerPopupView.swift */; };
		EBC763902A84F02300D55986 /* showCompleteInfo.swift in Sources */ = {isa = PBXBuildFile; fileRef = EBC7638F2A84F02300D55986 /* showCompleteInfo.swift */; };
		EBED72F32A961147005979B7 /* HomeViewController.swift in Sources */ = {isa = PBXBuildFile; fileRef = EBED72F22A961147005979B7 /* HomeViewController.swift */; };
/* End PBXBuildFile section */

/* Begin PBXFileReference section */
		EB0AE8392A78D99000A1BBA4 /* Todo_myDreams.app */ = {isa = PBXFileReference; explicitFileType = wrapper.application; includeInIndex = 0; path = Todo_myDreams.app; sourceTree = BUILT_PRODUCTS_DIR; };
		EB0AE83C2A78D99100A1BBA4 /* AppDelegate.swift */ = {isa = PBXFileReference; lastKnownFileType = sourcecode.swift; path = AppDelegate.swift; sourceTree = "<group>"; };
		EB0AE83E2A78D99100A1BBA4 /* SceneDelegate.swift */ = {isa = PBXFileReference; lastKnownFileType = sourcecode.swift; path = SceneDelegate.swift; sourceTree = "<group>"; };
		EB0AE8402A78D99100A1BBA4 /* MainViewController.swift */ = {isa = PBXFileReference; lastKnownFileType = sourcecode.swift; path = MainViewController.swift; sourceTree = "<group>"; };
		EB0AE8432A78D99100A1BBA4 /* Base */ = {isa = PBXFileReference; lastKnownFileType = file.storyboard; name = Base; path = Base.lproj/Main.storyboard; sourceTree = "<group>"; };
		EB0AE8452A78D99200A1BBA4 /* Assets.xcassets */ = {isa = PBXFileReference; lastKnownFileType = folder.assetcatalog; path = Assets.xcassets; sourceTree = "<group>"; };
		EB0AE8482A78D99200A1BBA4 /* Base */ = {isa = PBXFileReference; lastKnownFileType = file.storyboard; name = Base; path = Base.lproj/LaunchScreen.storyboard; sourceTree = "<group>"; };
		EB0AE84A2A78D99200A1BBA4 /* Info.plist */ = {isa = PBXFileReference; lastKnownFileType = text.plist.xml; path = Info.plist; sourceTree = "<group>"; };
		EB0AE8502A78DB8E00A1BBA4 /* ListViewController.swift */ = {isa = PBXFileReference; lastKnownFileType = sourcecode.swift; path = ListViewController.swift; sourceTree = "<group>"; };
		EB0AE8522A78DBA400A1BBA4 /* CompleteViewController.swift */ = {isa = PBXFileReference; lastKnownFileType = sourcecode.swift; path = CompleteViewController.swift; sourceTree = "<group>"; };
		EB0AE8562A78FAC500A1BBA4 /* AddListPopup.swift */ = {isa = PBXFileReference; lastKnownFileType = sourcecode.swift; path = AddListPopup.swift; sourceTree = "<group>"; };
		EB0AE8582A78FAE000A1BBA4 /* checkCompletePopup.swift */ = {isa = PBXFileReference; lastKnownFileType = sourcecode.swift; path = checkCompletePopup.swift; sourceTree = "<group>"; };
		EB0AE85A2A7B7AA500A1BBA4 /* CompleteTableViewCell.swift */ = {isa = PBXFileReference; lastKnownFileType = sourcecode.swift; path = CompleteTableViewCell.swift; sourceTree = "<group>"; };
		EB0AE85C2A81137300A1BBA4 /* ListTableViewCell.swift */ = {isa = PBXFileReference; lastKnownFileType = sourcecode.swift; path = ListTableViewCell.swift; sourceTree = "<group>"; };
		EB0AE85F2A820CFE00A1BBA4 /* DataTodo.swift */ = {isa = PBXFileReference; lastKnownFileType = sourcecode.swift; path = DataTodo.swift; sourceTree = "<group>"; };
		EB4A799C2A98742900C0CE3E /* Readme.md */ = {isa = PBXFileReference; lastKnownFileType = net.daringfireball.markdown; path = Readme.md; sourceTree = "<group>"; };
		EB4A799E2A987E1500C0CE3E /* DataManager.swift */ = {isa = PBXFileReference; lastKnownFileType = sourcecode.swift; path = DataManager.swift; sourceTree = "<group>"; };
		EB4A79A32A98B98700C0CE3E /* HomeView.swift */ = {isa = PBXFileReference; lastKnownFileType = sourcecode.swift; path = HomeView.swift; sourceTree = "<group>"; };
		EBBFB6362A9C3AF700FB5522 /* DatePickerPopupView.swift */ = {isa = PBXFileReference; lastKnownFileType = sourcecode.swift; path = DatePickerPopupView.swift; sourceTree = "<group>"; };
		EBC7638F2A84F02300D55986 /* showCompleteInfo.swift */ = {isa = PBXFileReference; lastKnownFileType = sourcecode.swift; path = showCompleteInfo.swift; sourceTree = "<group>"; };
		EBED72F22A961147005979B7 /* HomeViewController.swift */ = {isa = PBXFileReference; lastKnownFileType = sourcecode.swift; path = HomeViewController.swift; sourceTree = "<group>"; };
/* End PBXFileReference section */

/* Begin PBXFrameworksBuildPhase section */
		EB0AE8362A78D99000A1BBA4 /* Frameworks */ = {
			isa = PBXFrameworksBuildPhase;
			buildActionMask = 2147483647;
			files = (
			);
			runOnlyForDeploymentPostprocessing = 0;
		};
/* End PBXFrameworksBuildPhase section */

/* Begin PBXGroup section */
		EB0AE8302A78D99000A1BBA4 = {
			isa = PBXGroup;
			children = (
				EB4A799C2A98742900C0CE3E /* Readme.md */,
				EB0AE83B2A78D99100A1BBA4 /* Todo_myDreams */,
				EB0AE83A2A78D99000A1BBA4 /* Products */,
			);
			sourceTree = "<group>";
		};
		EB0AE83A2A78D99000A1BBA4 /* Products */ = {
			isa = PBXGroup;
			children = (
				EB0AE8392A78D99000A1BBA4 /* Todo_myDreams.app */,
			);
			name = Products;
			sourceTree = "<group>";
		};
		EB0AE83B2A78D99100A1BBA4 /* Todo_myDreams */ = {
			isa = PBXGroup;
			children = (
				EB4A79A02A98B8D800C0CE3E /* Helpers */,
				EB0AE85E2A820CE700A1BBA4 /* Model */,
				EB4A79A12A98B90800C0CE3E /* Views */,
				EB4A79A22A98B92300C0CE3E /* Controllers */,
				EB0AE8472A78D99200A1BBA4 /* LaunchScreen.storyboard */,
				EB0AE8452A78D99200A1BBA4 /* Assets.xcassets */,
				EB0AE84A2A78D99200A1BBA4 /* Info.plist */,
			);
			path = Todo_myDreams;
			sourceTree = "<group>";
		};
		EB0AE85E2A820CE700A1BBA4 /* Model */ = {
			isa = PBXGroup;
			children = (
				EB0AE85F2A820CFE00A1BBA4 /* DataTodo.swift */,
				EB4A799E2A987E1500C0CE3E /* DataManager.swift */,
			);
			path = Model;
			sourceTree = "<group>";
		};
		EB4A79A02A98B8D800C0CE3E /* Helpers */ = {
			isa = PBXGroup;
			children = (
				EB0AE83C2A78D99100A1BBA4 /* AppDelegate.swift */,
				EB0AE83E2A78D99100A1BBA4 /* SceneDelegate.swift */,
			);
			path = Helpers;
			sourceTree = "<group>";
		};
		EB4A79A12A98B90800C0CE3E /* Views */ = {
			isa = PBXGroup;
			children = (
				EB0AE8422A78D99100A1BBA4 /* Main.storyboard */,
				EB4A79A32A98B98700C0CE3E /* HomeView.swift */,
				EB0AE8562A78FAC500A1BBA4 /* AddListPopup.swift */,
				EB0AE8582A78FAE000A1BBA4 /* checkCompletePopup.swift */,
				EBC7638F2A84F02300D55986 /* showCompleteInfo.swift */,
				EBC7638E2A84C2C200D55986 /* TableViewCell */,
				EBBFB6362A9C3AF700FB5522 /* DatePickerPopupView.swift */,
			);
			path = Views;
			sourceTree = "<group>";
		};
		EB4A79A22A98B92300C0CE3E /* Controllers */ = {
			isa = PBXGroup;
			children = (
				EB0AE8402A78D99100A1BBA4 /* MainViewController.swift */,
				EB0AE8502A78DB8E00A1BBA4 /* ListViewController.swift */,
				EB0AE8522A78DBA400A1BBA4 /* CompleteViewController.swift */,
				EBED72F22A961147005979B7 /* HomeViewController.swift */,
			);
			path = Controllers;
			sourceTree = "<group>";
		};
		EBC7638E2A84C2C200D55986 /* TableViewCell */ = {
			isa = PBXGroup;
			children = (
				EB0AE85A2A7B7AA500A1BBA4 /* CompleteTableViewCell.swift */,
				EB0AE85C2A81137300A1BBA4 /* ListTableViewCell.swift */,
			);
			path = TableViewCell;
			sourceTree = "<group>";
		};
/* End PBXGroup section */

/* Begin PBXNativeTarget section */
		EB0AE8382A78D99000A1BBA4 /* Todo_myDreams */ = {
			isa = PBXNativeTarget;
			buildConfigurationList = EB0AE84D2A78D99200A1BBA4 /* Build configuration list for PBXNativeTarget "Todo_myDreams" */;
			buildPhases = (
				EB0AE8352A78D99000A1BBA4 /* Sources */,
				EB0AE8362A78D99000A1BBA4 /* Frameworks */,
				EB0AE8372A78D99000A1BBA4 /* Resources */,
			);
			buildRules = (
			);
			dependencies = (
			);
			name = Todo_myDreams;
			productName = Todo_myDreams;
			productReference = EB0AE8392A78D99000A1BBA4 /* Todo_myDreams.app */;
			productType = "com.apple.product-type.application";
		};
/* End PBXNativeTarget section */

/* Begin PBXProject section */
		EB0AE8312A78D99000A1BBA4 /* Project object */ = {
			isa = PBXProject;
			attributes = {
				BuildIndependentTargetsInParallel = 1;
				LastSwiftUpdateCheck = 1430;
				LastUpgradeCheck = 1430;
				TargetAttributes = {
					EB0AE8382A78D99000A1BBA4 = {
						CreatedOnToolsVersion = 14.3.1;
					};
				};
			};
			buildConfigurationList = EB0AE8342A78D99000A1BBA4 /* Build configuration list for PBXProject "Todo_myDreams" */;
			compatibilityVersion = "Xcode 14.0";
			developmentRegion = en;
			hasScannedForEncodings = 0;
			knownRegions = (
				en,
				Base,
			);
			mainGroup = EB0AE8302A78D99000A1BBA4;
			productRefGroup = EB0AE83A2A78D99000A1BBA4 /* Products */;
			projectDirPath = "";
			projectRoot = "";
			targets = (
				EB0AE8382A78D99000A1BBA4 /* Todo_myDreams */,
			);
		};
/* End PBXProject section */

/* Begin PBXResourcesBuildPhase section */
		EB0AE8372A78D99000A1BBA4 /* Resources */ = {
			isa = PBXResourcesBuildPhase;
			buildActionMask = 2147483647;
			files = (
				EB0AE8492A78D99200A1BBA4 /* LaunchScreen.storyboard in Resources */,
				EB0AE8462A78D99200A1BBA4 /* Assets.xcassets in Resources */,
				EB4A799D2A98742900C0CE3E /* Readme.md in Resources */,
				EB0AE8442A78D99100A1BBA4 /* Main.storyboard in Resources */,
			);
			runOnlyForDeploymentPostprocessing = 0;
		};
/* End PBXResourcesBuildPhase section */

/* Begin PBXSourcesBuildPhase section */
		EB0AE8352A78D99000A1BBA4 /* Sources */ = {
			isa = PBXSourcesBuildPhase;
			buildActionMask = 2147483647;
			files = (
				EB0AE8572A78FAC500A1BBA4 /* AddListPopup.swift in Sources */,
				EB4A79A42A98B98700C0CE3E /* HomeView.swift in Sources */,
				EB0AE8412A78D99100A1BBA4 /* MainViewController.swift in Sources */,
				EB0AE85B2A7B7AA500A1BBA4 /* CompleteTableViewCell.swift in Sources */,
				EB0AE83D2A78D99100A1BBA4 /* AppDelegate.swift in Sources */,
				EBC763902A84F02300D55986 /* showCompleteInfo.swift in Sources */,
				EB4A799F2A987E1500C0CE3E /* DataManager.swift in Sources */,
				EB0AE8512A78DB8E00A1BBA4 /* ListViewController.swift in Sources */,
				EB0AE85D2A81137300A1BBA4 /* ListTableViewCell.swift in Sources */,
				EBBFB6372A9C3AF700FB5522 /* DatePickerPopupView.swift in Sources */,
				EB0AE8532A78DBA400A1BBA4 /* CompleteViewController.swift in Sources */,
				EB0AE83F2A78D99100A1BBA4 /* SceneDelegate.swift in Sources */,
				EB0AE8602A820CFE00A1BBA4 /* DataTodo.swift in Sources */,
				EB0AE8592A78FAE000A1BBA4 /* checkCompletePopup.swift in Sources */,
				EBED72F32A961147005979B7 /* HomeViewController.swift in Sources */,
			);
			runOnlyForDeploymentPostprocessing = 0;
		};
/* End PBXSourcesBuildPhase section */

/* Begin PBXVariantGroup section */
		EB0AE8422A78D99100A1BBA4 /* Main.storyboard */ = {
			isa = PBXVariantGroup;
			children = (
				EB0AE8432A78D99100A1BBA4 /* Base */,
			);
			name = Main.storyboard;
			sourceTree = "<group>";
		};
		EB0AE8472A78D99200A1BBA4 /* LaunchScreen.storyboard */ = {
			isa = PBXVariantGroup;
			children = (
				EB0AE8482A78D99200A1BBA4 /* Base */,
			);
			name = LaunchScreen.storyboard;
			sourceTree = "<group>";
		};
/* End PBXVariantGroup section */

/* Begin XCBuildConfiguration section */
		EB0AE84B2A78D99200A1BBA4 /* Debug */ = {
			isa = XCBuildConfiguration;
			buildSettings = {
				ALWAYS_SEARCH_USER_PATHS = NO;
				CLANG_ANALYZER_NONNULL = YES;
				CLANG_ANALYZER_NUMBER_OBJECT_CONVERSION = YES_AGGRESSIVE;
				CLANG_CXX_LANGUAGE_STANDARD = "gnu++20";
				CLANG_ENABLE_MODULES = YES;
				CLANG_ENABLE_OBJC_ARC = YES;
				CLANG_ENABLE_OBJC_WEAK = YES;
				CLANG_WARN_BLOCK_CAPTURE_AUTORELEASING = YES;
				CLANG_WARN_BOOL_CONVERSION = YES;
				CLANG_WARN_COMMA = YES;
				CLANG_WARN_CONSTANT_CONVERSION = YES;
				CLANG_WARN_DEPRECATED_OBJC_IMPLEMENTATIONS = YES;
				CLANG_WARN_DIRECT_OBJC_ISA_USAGE = YES_ERROR;
				CLANG_WARN_DOCUMENTATION_COMMENTS = YES;
				CLANG_WARN_EMPTY_BODY = YES;
				CLANG_WARN_ENUM_CONVERSION = YES;
				CLANG_WARN_INFINITE_RECURSION = YES;
				CLANG_WARN_INT_CONVERSION = YES;
				CLANG_WARN_NON_LITERAL_NULL_CONVERSION = YES;
				CLANG_WARN_OBJC_IMPLICIT_RETAIN_SELF = YES;
				CLANG_WARN_OBJC_LITERAL_CONVERSION = YES;
				CLANG_WARN_OBJC_ROOT_CLASS = YES_ERROR;
				CLANG_WARN_QUOTED_INCLUDE_IN_FRAMEWORK_HEADER = YES;
				CLANG_WARN_RANGE_LOOP_ANALYSIS = YES;
				CLANG_WARN_STRICT_PROTOTYPES = YES;
				CLANG_WARN_SUSPICIOUS_MOVE = YES;
				CLANG_WARN_UNGUARDED_AVAILABILITY = YES_AGGRESSIVE;
				CLANG_WARN_UNREACHABLE_CODE = YES;
				CLANG_WARN__DUPLICATE_METHOD_MATCH = YES;
				COPY_PHASE_STRIP = NO;
				DEBUG_INFORMATION_FORMAT = dwarf;
				ENABLE_STRICT_OBJC_MSGSEND = YES;
				ENABLE_TESTABILITY = YES;
				GCC_C_LANGUAGE_STANDARD = gnu11;
				GCC_DYNAMIC_NO_PIC = NO;
				GCC_NO_COMMON_BLOCKS = YES;
				GCC_OPTIMIZATION_LEVEL = 0;
				GCC_PREPROCESSOR_DEFINITIONS = (
					"DEBUG=1",
					"$(inherited)",
				);
				GCC_WARN_64_TO_32_BIT_CONVERSION = YES;
				GCC_WARN_ABOUT_RETURN_TYPE = YES_ERROR;
				GCC_WARN_UNDECLARED_SELECTOR = YES;
				GCC_WARN_UNINITIALIZED_AUTOS = YES_AGGRESSIVE;
				GCC_WARN_UNUSED_FUNCTION = YES;
				GCC_WARN_UNUSED_VARIABLE = YES;
				IPHONEOS_DEPLOYMENT_TARGET = 16.4;
				MTL_ENABLE_DEBUG_INFO = INCLUDE_SOURCE;
				MTL_FAST_MATH = YES;
				ONLY_ACTIVE_ARCH = YES;
				SDKROOT = iphoneos;
				SWIFT_ACTIVE_COMPILATION_CONDITIONS = DEBUG;
				SWIFT_OPTIMIZATION_LEVEL = "-Onone";
			};
			name = Debug;
		};
		EB0AE84C2A78D99200A1BBA4 /* Release */ = {
			isa = XCBuildConfiguration;
			buildSettings = {
				ALWAYS_SEARCH_USER_PATHS = NO;
				CLANG_ANALYZER_NONNULL = YES;
				CLANG_ANALYZER_NUMBER_OBJECT_CONVERSION = YES_AGGRESSIVE;
				CLANG_CXX_LANGUAGE_STANDARD = "gnu++20";
				CLANG_ENABLE_MODULES = YES;
				CLANG_ENABLE_OBJC_ARC = YES;
				CLANG_ENABLE_OBJC_WEAK = YES;
				CLANG_WARN_BLOCK_CAPTURE_AUTORELEASING = YES;
				CLANG_WARN_BOOL_CONVERSION = YES;
				CLANG_WARN_COMMA = YES;
				CLANG_WARN_CONSTANT_CONVERSION = YES;
				CLANG_WARN_DEPRECATED_OBJC_IMPLEMENTATIONS = YES;
				CLANG_WARN_DIRECT_OBJC_ISA_USAGE = YES_ERROR;
				CLANG_WARN_DOCUMENTATION_COMMENTS = YES;
				CLANG_WARN_EMPTY_BODY = YES;
				CLANG_WARN_ENUM_CONVERSION = YES;
				CLANG_WARN_INFINITE_RECURSION = YES;
				CLANG_WARN_INT_CONVERSION = YES;
				CLANG_WARN_NON_LITERAL_NULL_CONVERSION = YES;
				CLANG_WARN_OBJC_IMPLICIT_RETAIN_SELF = YES;
				CLANG_WARN_OBJC_LITERAL_CONVERSION = YES;
				CLANG_WARN_OBJC_ROOT_CLASS = YES_ERROR;
				CLANG_WARN_QUOTED_INCLUDE_IN_FRAMEWORK_HEADER = YES;
				CLANG_WARN_RANGE_LOOP_ANALYSIS = YES;
				CLANG_WARN_STRICT_PROTOTYPES = YES;
				CLANG_WARN_SUSPICIOUS_MOVE = YES;
				CLANG_WARN_UNGUARDED_AVAILABILITY = YES_AGGRESSIVE;
				CLANG_WARN_UNREACHABLE_CODE = YES;
				CLANG_WARN__DUPLICATE_METHOD_MATCH = YES;
				COPY_PHASE_STRIP = NO;
				DEBUG_INFORMATION_FORMAT = "dwarf-with-dsym";
				ENABLE_NS_ASSERTIONS = NO;
				ENABLE_STRICT_OBJC_MSGSEND = YES;
				GCC_C_LANGUAGE_STANDARD = gnu11;
				GCC_NO_COMMON_BLOCKS = YES;
				GCC_WARN_64_TO_32_BIT_CONVERSION = YES;
				GCC_WARN_ABOUT_RETURN_TYPE = YES_ERROR;
				GCC_WARN_UNDECLARED_SELECTOR = YES;
				GCC_WARN_UNINITIALIZED_AUTOS = YES_AGGRESSIVE;
				GCC_WARN_UNUSED_FUNCTION = YES;
				GCC_WARN_UNUSED_VARIABLE = YES;
				IPHONEOS_DEPLOYMENT_TARGET = 16.4;
				MTL_ENABLE_DEBUG_INFO = NO;
				MTL_FAST_MATH = YES;
				SDKROOT = iphoneos;
				SWIFT_COMPILATION_MODE = wholemodule;
				SWIFT_OPTIMIZATION_LEVEL = "-O";
				VALIDATE_PRODUCT = YES;
			};
			name = Release;
		};
		EB0AE84E2A78D99200A1BBA4 /* Debug */ = {
			isa = XCBuildConfiguration;
			buildSettings = {
				ASSETCATALOG_COMPILER_APPICON_NAME = AppIcon;
				ASSETCATALOG_COMPILER_GLOBAL_ACCENT_COLOR_NAME = AccentColor;
				CODE_SIGN_STYLE = Automatic;
				CURRENT_PROJECT_VERSION = 1;
				GENERATE_INFOPLIST_FILE = YES;
				INFOPLIST_FILE = Todo_myDreams/Info.plist;
				INFOPLIST_KEY_UIApplicationSupportsIndirectInputEvents = YES;
				INFOPLIST_KEY_UILaunchStoryboardName = LaunchScreen;
				INFOPLIST_KEY_UIMainStoryboardFile = Main;
				INFOPLIST_KEY_UISupportedInterfaceOrientations_iPad = "UIInterfaceOrientationPortrait UIInterfaceOrientationPortraitUpsideDown UIInterfaceOrientationLandscapeLeft UIInterfaceOrientationLandscapeRight";
				INFOPLIST_KEY_UISupportedInterfaceOrientations_iPhone = "UIInterfaceOrientationPortrait UIInterfaceOrientationLandscapeLeft UIInterfaceOrientationLandscapeRight";
				LD_RUNPATH_SEARCH_PATHS = (
					"$(inherited)",
					"@executable_path/Frameworks",
				);
				MARKETING_VERSION = 1.0;
				PRODUCT_BUNDLE_IDENTIFIER = "zero.Todo-myDreams";
				PRODUCT_NAME = "$(TARGET_NAME)";
				SWIFT_EMIT_LOC_STRINGS = YES;
				SWIFT_VERSION = 5.0;
				TARGETED_DEVICE_FAMILY = "1,2";
			};
			name = Debug;
		};
		EB0AE84F2A78D99200A1BBA4 /* Release */ = {
			isa = XCBuildConfiguration;
			buildSettings = {
				ASSETCATALOG_COMPILER_APPICON_NAME = AppIcon;
				ASSETCATALOG_COMPILER_GLOBAL_ACCENT_COLOR_NAME = AccentColor;
				CODE_SIGN_STYLE = Automatic;
				CURRENT_PROJECT_VERSION = 1;
				GENERATE_INFOPLIST_FILE = YES;
				INFOPLIST_FILE = Todo_myDreams/Info.plist;
				INFOPLIST_KEY_UIApplicationSupportsIndirectInputEvents = YES;
				INFOPLIST_KEY_UILaunchStoryboardName = LaunchScreen;
				INFOPLIST_KEY_UIMainStoryboardFile = Main;
				INFOPLIST_KEY_UISupportedInterfaceOrientations_iPad = "UIInterfaceOrientationPortrait UIInterfaceOrientationPortraitUpsideDown UIInterfaceOrientationLandscapeLeft UIInterfaceOrientationLandscapeRight";
				INFOPLIST_KEY_UISupportedInterfaceOrientations_iPhone = "UIInterfaceOrientationPortrait UIInterfaceOrientationLandscapeLeft UIInterfaceOrientationLandscapeRight";
				LD_RUNPATH_SEARCH_PATHS = (
					"$(inherited)",
					"@executable_path/Frameworks",
				);
				MARKETING_VERSION = 1.0;
				PRODUCT_BUNDLE_IDENTIFIER = "zero.Todo-myDreams";
				PRODUCT_NAME = "$(TARGET_NAME)";
				SWIFT_EMIT_LOC_STRINGS = YES;
				SWIFT_VERSION = 5.0;
				TARGETED_DEVICE_FAMILY = "1,2";
			};
			name = Release;
		};
/* End XCBuildConfiguration section */

/* Begin XCConfigurationList section */
		EB0AE8342A78D99000A1BBA4 /* Build configuration list for PBXProject "Todo_myDreams" */ = {
			isa = XCConfigurationList;
			buildConfigurations = (
				EB0AE84B2A78D99200A1BBA4 /* Debug */,
				EB0AE84C2A78D99200A1BBA4 /* Release */,
			);
			defaultConfigurationIsVisible = 0;
			defaultConfigurationName = Release;
		};
		EB0AE84D2A78D99200A1BBA4 /* Build configuration list for PBXNativeTarget "Todo_myDreams" */ = {
			isa = XCConfigurationList;
			buildConfigurations = (
				EB0AE84E2A78D99200A1BBA4 /* Debug */,
				EB0AE84F2A78D99200A1BBA4 /* Release */,
			);
			defaultConfigurationIsVisible = 0;
			defaultConfigurationName = Release;
		};
/* End XCConfigurationList section */
	};
	rootObject = EB0AE8312A78D99000A1BBA4 /* Project object */;
}
